
Microsoft Visual Studio Solution File, Format Version 12.00
# Visual Studio Version 16
VisualStudioVersion = 16.0.30413.136
MinimumVisualStudioVersion = 10.0.40219.1
Project("{FAE04EC0-301F-11D3-BF4B-00C04F79EFBC}") = "Fahrkartenautomat", "Fahrkartenautomat.csproj", "{89F33A26-111E-4CB5-B8FC-BF73F4A8D159}"
EndProject
Global
	GlobalSection(SolutionConfigurationPlatforms) = preSolution
		Debug|Any CPU = Debug|Any CPU
		Release|Any CPU = Release|Any CPU
	EndGlobalSection
	GlobalSection(ProjectConfigurationPlatforms) = postSolution
		{89F33A26-111E-4CB5-B8FC-BF73F4A8D159}.Debug|Any CPU.ActiveCfg = Debug|Any CPU
		{89F33A26-111E-4CB5-B8FC-BF73F4A8D159}.Debug|Any CPU.Build.0 = Debug|Any CPU
		{89F33A26-111E-4CB5-B8FC-BF73F4A8D159}.Release|Any CPU.ActiveCfg = Release|Any CPU
		{89F33A26-111E-4CB5-B8FC-BF73F4A8D159}.Release|Any CPU.Build.0 = Release|Any CPU
	EndGlobalSection
	GlobalSection(SolutionProperties) = preSolution
		HideSolutionNode = FALSE
	EndGlobalSection
	GlobalSection(ExtensibilityGlobals) = postSolution
		SolutionGuid = {A190ADBC-5347-4AB3-9A46-F31E33585EF0}
	EndGlobalSection
EndGlobal
